<?xml version="1.0" encoding="utf-8"?>
<Project ToolsVersion="4.0" xmlns="http://schemas.microsoft.com/developer/msbuild/2003">
  <ItemGroup>
    <Filter Include="Hezel">
      <UniqueIdentifier>{1D5B4F0D-896F-77BE-52F1-1A1EBEC473EF}</UniqueIdentifier>
    </Filter>
  </ItemGroup>
  <ItemGroup>
    <ClInclude Include="src\Hazel.h" />
    <ClInclude Include="src\Hezel\Application.h">
      <Filter>Hezel</Filter>
    </ClInclude>
    <ClInclude Include="src\Hezel\Core.h">
      <Filter>Hezel</Filter>
    </ClInclude>
    <ClInclude Include="src\Hezel\EntryPoint.h">
      <Filter>Hezel</Filter>
    </ClInclude>
    <ClInclude Include="src\Hezel\Log.h">
      <Filter>Hezel</Filter>
    </ClInclude>
  </ItemGroup>
  <ItemGroup>
    <ClCompile Include="src\Hezel\Application.cpp">
      <Filter>Hezel</Filter>
    </ClCompile>
    <ClCompile Include="src\Hezel\Log.cpp">
      <Filter>Hezel</Filter>
    </ClCompile>
  </ItemGroup>
</Project>